// !$*UTF8*$!
{
	archiveVersion = 1;
	classes = {
	};
	objectVersion = 50;
	objects = {

/* Begin PBXBuildFile section */
		A615BA3D234720ED00FAEE53 /* AppDelegate.swift in Sources */ = {isa = PBXBuildFile; fileRef = A615BA3C234720ED00FAEE53 /* AppDelegate.swift */; };
		A615BA3F234720ED00FAEE53 /* SceneDelegate.swift in Sources */ = {isa = PBXBuildFile; fileRef = A615BA3E234720ED00FAEE53 /* SceneDelegate.swift */; };
		A615BA41234720ED00FAEE53 /* ViewController.swift in Sources */ = {isa = PBXBuildFile; fileRef = A615BA40234720ED00FAEE53 /* ViewController.swift */; };
		A615BA44234720ED00FAEE53 /* Main.storyboard in Resources */ = {isa = PBXBuildFile; fileRef = A615BA42234720ED00FAEE53 /* Main.storyboard */; };
		A615BA46234720EE00FAEE53 /* Assets.xcassets in Resources */ = {isa = PBXBuildFile; fileRef = A615BA45234720EE00FAEE53 /* Assets.xcassets */; };
		A615BA49234720EE00FAEE53 /* LaunchScreen.storyboard in Resources */ = {isa = PBXBuildFile; fileRef = A615BA47234720EE00FAEE53 /* LaunchScreen.storyboard */; };
/* End PBXBuildFile section */

/* Begin PBXFileReference section */
		A615BA39234720ED00FAEE53 /* Soptstagram.app */ = {isa = PBXFileReference; explicitFileType = wrapper.application; includeInIndex = 0; path = Soptstagram.app; sourceTree = BUILT_PRODUCTS_DIR; };
		A615BA3C234720ED00FAEE53 /* AppDelegate.swift */ = {isa = PBXFileReference; lastKnownFileType = sourcecode.swift; path = AppDelegate.swift; sourceTree = "<group>"; };
		A615BA3E234720ED00FAEE53 /* SceneDelegate.swift */ = {isa = PBXFileReference; lastKnownFileType = sourcecode.swift; path = SceneDelegate.swift; sourceTree = "<group>"; };
		A615BA40234720ED00FAEE53 /* ViewController.swift */ = {isa = PBXFileReference; lastKnownFileType = sourcecode.swift; path = ViewController.swift; sourceTree = "<group>"; };
		A615BA43234720ED00FAEE53 /* Base */ = {isa = PBXFileReference; lastKnownFileType = file.storyboard; name = Base; path = Base.lproj/Main.storyboard; sourceTree = "<group>"; };
		A615BA45234720EE00FAEE53 /* Assets.xcassets */ = {isa = PBXFileReference; lastKnownFileType = folder.assetcatalog; path = Assets.xcassets; sourceTree = "<group>"; };
		A615BA48234720EE00FAEE53 /* Base */ = {isa = PBXFileReference; lastKnownFileType = file.storyboard; name = Base; path = Base.lproj/LaunchScreen.storyboard; sourceTree = "<group>"; };
		A615BA4A234720EE00FAEE53 /* Info.plist */ = {isa = PBXFileReference; lastKnownFileType = text.plist.xml; path = Info.plist; sourceTree = "<group>"; };
/* End PBXFileReference section */

/* Begin PBXFrameworksBuildPhase section */
		A615BA36234720ED00FAEE53 /* Frameworks */ = {
			isa = PBXFrameworksBuildPhase;
			buildActionMask = 2147483647;
			files = (
			);
			runOnlyForDeploymentPostprocessing = 0;
		};
/* End PBXFrameworksBuildPhase section */

/* Begin PBXGroup section */
		A615BA30234720ED00FAEE53 = {
			isa = PBXGroup;
			children = (
				A615BA3B234720ED00FAEE53 /* Soptstagram */,
				A615BA3A234720ED00FAEE53 /* Products */,
			);
			sourceTree = "<group>";
		};
		A615BA3A234720ED00FAEE53 /* Products */ = {
			isa = PBXGroup;
			children = (
				A615BA39234720ED00FAEE53 /* Soptstagram.app */,
			);
			name = Products;
			sourceTree = "<group>";
		};
		A615BA3B234720ED00FAEE53 /* Soptstagram */ = {
			isa = PBXGroup;
			children = (
				A615BA512347228700FAEE53 /* Sources */,
				A615BA502347226900FAEE53 /* Resources */,
				A615BA4A234720EE00FAEE53 /* Info.plist */,
			);
			path = Soptstagram;
			sourceTree = "<group>";
		};
		A615BA502347226900FAEE53 /* Resources */ = {
			isa = PBXGroup;
			children = (
				A615BA542347230500FAEE53 /* Storyboard */,
				A615BA45234720EE00FAEE53 /* Assets.xcassets */,
			);
			path = Resources;
			sourceTree = "<group>";
		};
		A615BA512347228700FAEE53 /* Sources */ = {
			isa = PBXGroup;
			children = (
				A615BA3C234720ED00FAEE53 /* AppDelegate.swift */,
				A615BA3E234720ED00FAEE53 /* SceneDelegate.swift */,
				A615BA52234722D000FAEE53 /* ViewControllers */,
			);
			path = Sources;
			sourceTree = "<group>";
		};
		A615BA52234722D000FAEE53 /* ViewControllers */ = {
			isa = PBXGroup;
			children = (
				A615BA40234720ED00FAEE53 /* ViewController.swift */,
			);
			path = ViewControllers;
			sourceTree = "<group>";
		};
		A615BA542347230500FAEE53 /* Storyboard */ = {
			isa = PBXGroup;
			children = (
				A615BA47234720EE00FAEE53 /* LaunchScreen.storyboard */,
				A615BA42234720ED00FAEE53 /* Main.storyboard */,
			);
			path = Storyboard;
			sourceTree = "<group>";
		};
/* End PBXGroup section */

/* Begin PBXNativeTarget section */
		A615BA38234720ED00FAEE53 /* Soptstagram */ = {
			isa = PBXNativeTarget;
			buildConfigurationList = A615BA4D234720EE00FAEE53 /* Build configuration list for PBXNativeTarget "Soptstagram" */;
			buildPhases = (
				A615BA35234720ED00FAEE53 /* Sources */,
				A615BA36234720ED00FAEE53 /* Frameworks */,
				A615BA37234720ED00FAEE53 /* Resources */,
			);
			buildRules = (
			);
			dependencies = (
			);
			name = Soptstagram;
			productName = Soptstagram;
			productReference = A615BA39234720ED00FAEE53 /* Soptstagram.app */;
			productType = "com.apple.product-type.application";
		};
/* End PBXNativeTarget section */

/* Begin PBXProject section */
		A615BA31234720ED00FAEE53 /* Project object */ = {
			isa = PBXProject;
			attributes = {
				LastSwiftUpdateCheck = 1100;
				LastUpgradeCheck = 1100;
				ORGANIZATIONNAME = "TaeJin Oh";
				TargetAttributes = {
					A615BA38234720ED00FAEE53 = {
						CreatedOnToolsVersion = 11.0;
					};
				};
			};
			buildConfigurationList = A615BA34234720ED00FAEE53 /* Build configuration list for PBXProject "Soptstagram" */;
			compatibilityVersion = "Xcode 9.3";
			developmentRegion = en;
			hasScannedForEncodings = 0;
			knownRegions = (
				en,
				Base,
			);
			mainGroup = A615BA30234720ED00FAEE53;
			productRefGroup = A615BA3A234720ED00FAEE53 /* Products */;
			projectDirPath = "";
			projectRoot = "";
			targets = (
				A615BA38234720ED00FAEE53 /* Soptstagram */,
			);
		};
/* End PBXProject section */

/* Begin PBXResourcesBuildPhase section */
		A615BA37234720ED00FAEE53 /* Resources */ = {
			isa = PBXResourcesBuildPhase;
			buildActionMask = 2147483647;
			files = (
				A615BA49234720EE00FAEE53 /* LaunchScreen.storyboard in Resources */,
				A615BA46234720EE00FAEE53 /* Assets.xcassets in Resources */,
				A615BA44234720ED00FAEE53 /* Main.storyboard in Resources */,
			);
			runOnlyForDeploymentPostprocessing = 0;
		};
/* End PBXResourcesBuildPhase section */

/* Begin PBXSourcesBuildPhase section */
		A615BA35234720ED00FAEE53 /* Sources */ = {
			isa = PBXSourcesBuildPhase;
			buildActionMask = 2147483647;
			files = (
				A615BA41234720ED00FAEE53 /* ViewController.swift in Sources */,
				A615BA3D234720ED00FAEE53 /* AppDelegate.swift in Sources */,
				A615BA3F234720ED00FAEE53 /* SceneDelegate.swift in Sources */,
			);
			runOnlyForDeploymentPostprocessing = 0;
		};
/* End PBXSourcesBuildPhase section */

/* Begin PBXVariantGroup section */
		A615BA42234720ED00FAEE53 /* Main.storyboard */ = {
			isa = PBXVariantGroup;
			children = (
				A615BA43234720ED00FAEE53 /* Base */,
			);
			name = Main.storyboard;
			sourceTree = "<group>";
		};
		A615BA47234720EE00FAEE53 /* LaunchScreen.storyboard */ = {
			isa = PBXVariantGroup;
			children = (
				A615BA48234720EE00FAEE53 /* Base */,
			);
			name = LaunchScreen.storyboard;
			sourceTree = "<group>";
		};
/* End PBXVariantGroup section */

/* Begin XCBuildConfiguration section */
		A615BA4B234720EE00FAEE53 /* Debug */ = {
			isa = XCBuildConfiguration;
			buildSettings = {
				ALWAYS_SEARCH_USER_PATHS = NO;
				CLANG_ANALYZER_NONNULL = YES;
				CLANG_ANALYZER_NUMBER_OBJECT_CONVERSION = YES_AGGRESSIVE;
				CLANG_CXX_LANGUAGE_STANDARD = "gnu++14";
				CLANG_CXX_LIBRARY = "libc++";
				CLANG_ENABLE_MODULES = YES;
				CLANG_ENABLE_OBJC_ARC = YES;
				CLANG_ENABLE_OBJC_WEAK = YES;
				CLANG_WARN_BLOCK_CAPTURE_AUTORELEASING = YES;
				CLANG_WARN_BOOL_CONVERSION = YES;
				CLANG_WARN_COMMA = YES;
				CLANG_WARN_CONSTANT_CONVERSION = YES;
				CLANG_WARN_DEPRECATED_OBJC_IMPLEMENTATIONS = YES;
				CLANG_WARN_DIRECT_OBJC_ISA_USAGE = YES_ERROR;
				CLANG_WARN_DOCUMENTATION_COMMENTS = YES;
				CLANG_WARN_EMPTY_BODY = YES;
				CLANG_WARN_ENUM_CONVERSION = YES;
				CLANG_WARN_INFINITE_RECURSION = YES;
				CLANG_WARN_INT_CONVERSION = YES;
				CLANG_WARN_NON_LITERAL_NULL_CONVERSION = YES;
				CLANG_WARN_OBJC_IMPLICIT_RETAIN_SELF = YES;
				CLANG_WARN_OBJC_LITERAL_CONVERSION = YES;
				CLANG_WARN_OBJC_ROOT_CLASS = YES_ERROR;
				CLANG_WARN_RANGE_LOOP_ANALYSIS = YES;
				CLANG_WARN_STRICT_PROTOTYPES = YES;
				CLANG_WARN_SUSPICIOUS_MOVE = YES;
				CLANG_WARN_UNGUARDED_AVAILABILITY = YES_AGGRESSIVE;
				CLANG_WARN_UNREACHABLE_CODE = YES;
				CLANG_WARN__DUPLICATE_METHOD_MATCH = YES;
				COPY_PHASE_STRIP = NO;
				DEBUG_INFORMATION_FORMAT = dwarf;
				ENABLE_STRICT_OBJC_MSGSEND = YES;
				ENABLE_TESTABILITY = YES;
				GCC_C_LANGUAGE_STANDARD = gnu11;
				GCC_DYNAMIC_NO_PIC = NO;
				GCC_NO_COMMON_BLOCKS = YES;
				GCC_OPTIMIZATION_LEVEL = 0;
				GCC_PREPROCESSOR_DEFINITIONS = (
					"DEBUG=1",
					"$(inherited)",
				);
				GCC_WARN_64_TO_32_BIT_CONVERSION = YES;
				GCC_WARN_ABOUT_RETURN_TYPE = YES_ERROR;
				GCC_WARN_UNDECLARED_SELECTOR = YES;
				GCC_WARN_UNINITIALIZED_AUTOS = YES_AGGRESSIVE;
				GCC_WARN_UNUSED_FUNCTION = YES;
				GCC_WARN_UNUSED_VARIABLE = YES;
				IPHONEOS_DEPLOYMENT_TARGET = 13.0;
				MTL_ENABLE_DEBUG_INFO = INCLUDE_SOURCE;
				MTL_FAST_MATH = YES;
				ONLY_ACTIVE_ARCH = YES;
				SDKROOT = iphoneos;
				SWIFT_ACTIVE_COMPILATION_CONDITIONS = DEBUG;
				SWIFT_OPTIMIZATION_LEVEL = "-Onone";
			};
			name = Debug;
		};
		A615BA4C234720EE00FAEE53 /* Release */ = {
			isa = XCBuildConfiguration;
			buildSettings = {
				ALWAYS_SEARCH_USER_PATHS = NO;
				CLANG_ANALYZER_NONNULL = YES;
				CLANG_ANALYZER_NUMBER_OBJECT_CONVERSION = YES_AGGRESSIVE;
				CLANG_CXX_LANGUAGE_STANDARD = "gnu++14";
				CLANG_CXX_LIBRARY = "libc++";
				CLANG_ENABLE_MODULES = YES;
				CLANG_ENABLE_OBJC_ARC = YES;
				CLANG_ENABLE_OBJC_WEAK = YES;
				CLANG_WARN_BLOCK_CAPTURE_AUTORELEASING = YES;
				CLANG_WARN_BOOL_CONVERSION = YES;
				CLANG_WARN_COMMA = YES;
				CLANG_WARN_CONSTANT_CONVERSION = YES;
				CLANG_WARN_DEPRECATED_OBJC_IMPLEMENTATIONS = YES;
				CLANG_WARN_DIRECT_OBJC_ISA_USAGE = YES_ERROR;
				CLANG_WARN_DOCUMENTATION_COMMENTS = YES;
				CLANG_WARN_EMPTY_BODY = YES;
				CLANG_WARN_ENUM_CONVERSION = YES;
				CLANG_WARN_INFINITE_RECURSION = YES;
				CLANG_WARN_INT_CONVERSION = YES;
				CLANG_WARN_NON_LITERAL_NULL_CONVERSION = YES;
				CLANG_WARN_OBJC_IMPLICIT_RETAIN_SELF = YES;
				CLANG_WARN_OBJC_LITERAL_CONVERSION = YES;
				CLANG_WARN_OBJC_ROOT_CLASS = YES_ERROR;
				CLANG_WARN_RANGE_LOOP_ANALYSIS = YES;
				CLANG_WARN_STRICT_PROTOTYPES = YES;
				CLANG_WARN_SUSPICIOUS_MOVE = YES;
				CLANG_WARN_UNGUARDED_AVAILABILITY = YES_AGGRESSIVE;
				CLANG_WARN_UNREACHABLE_CODE = YES;
				CLANG_WARN__DUPLICATE_METHOD_MATCH = YES;
				COPY_PHASE_STRIP = NO;
				DEBUG_INFORMATION_FORMAT = "dwarf-with-dsym";
				ENABLE_NS_ASSERTIONS = NO;
				ENABLE_STRICT_OBJC_MSGSEND = YES;
				GCC_C_LANGUAGE_STANDARD = gnu11;
				GCC_NO_COMMON_BLOCKS = YES;
				GCC_WARN_64_TO_32_BIT_CONVERSION = YES;
				GCC_WARN_ABOUT_RETURN_TYPE = YES_ERROR;
				GCC_WARN_UNDECLARED_SELECTOR = YES;
				GCC_WARN_UNINITIALIZED_AUTOS = YES_AGGRESSIVE;
				GCC_WARN_UNUSED_FUNCTION = YES;
				GCC_WARN_UNUSED_VARIABLE = YES;
				IPHONEOS_DEPLOYMENT_TARGET = 13.0;
				MTL_ENABLE_DEBUG_INFO = NO;
				MTL_FAST_MATH = YES;
				SDKROOT = iphoneos;
				SWIFT_COMPILATION_MODE = wholemodule;
				SWIFT_OPTIMIZATION_LEVEL = "-O";
				VALIDATE_PRODUCT = YES;
			};
			name = Release;
		};
		A615BA4E234720EE00FAEE53 /* Debug */ = {
			isa = XCBuildConfiguration;
			buildSettings = {
				ASSETCATALOG_COMPILER_APPICON_NAME = AppIcon;
				CODE_SIGN_IDENTITY = "Apple Development";
				CODE_SIGN_STYLE = Automatic;
				DEVELOPMENT_TEAM = RN2L6DHDTD;
				INFOPLIST_FILE = Soptstagram/Info.plist;
				LD_RUNPATH_SEARCH_PATHS = (
					"$(inherited)",
					"@executable_path/Frameworks",
				);
				PRODUCT_BUNDLE_IDENTIFIER = SOPT.Soptstagram;
				PRODUCT_NAME = "$(TARGET_NAME)";
				PROVISIONING_PROFILE_SPECIFIER = "";
				SWIFT_VERSION = 5.0;
				TARGETED_DEVICE_FAMILY = "1,2";
			};
			name = Debug;
		};
		A615BA4F234720EE00FAEE53 /* Release */ = {
			isa = XCBuildConfiguration;
			buildSettings = {
				ASSETCATALOG_COMPILER_APPICON_NAME = AppIcon;
				CODE_SIGN_IDENTITY = "Apple Development";
				CODE_SIGN_STYLE = Automatic;
				DEVELOPMENT_TEAM = RN2L6DHDTD;
				INFOPLIST_FILE = Soptstagram/Info.plist;
				LD_RUNPATH_SEARCH_PATHS = (
					"$(inherited)",
					"@executable_path/Frameworks",
				);
				PRODUCT_BUNDLE_IDENTIFIER = SOPT.Soptstagram;
				PRODUCT_NAME = "$(TARGET_NAME)";
				PROVISIONING_PROFILE_SPECIFIER = "";
				SWIFT_VERSION = 5.0;
				TARGETED_DEVICE_FAMILY = "1,2";
			};
			name = Release;
		};
/* End XCBuildConfiguration section */

/* Begin XCConfigurationList section */
		A615BA34234720ED00FAEE53 /* Build configuration list for PBXProject "Soptstagram" */ = {
			isa = XCConfigurationList;
			buildConfigurations = (
				A615BA4B234720EE00FAEE53 /* Debug */,
				A615BA4C234720EE00FAEE53 /* Release */,
			);
			defaultConfigurationIsVisible = 0;
			defaultConfigurationName = Release;
		};
		A615BA4D234720EE00FAEE53 /* Build configuration list for PBXNativeTarget "Soptstagram" */ = {
			isa = XCConfigurationList;
			buildConfigurations = (
				A615BA4E234720EE00FAEE53 /* Debug */,
				A615BA4F234720EE00FAEE53 /* Release */,
			);
			defaultConfigurationIsVisible = 0;
			defaultConfigurationName = Release;
		};
/* End XCConfigurationList section */
	};
	rootObject = A615BA31234720ED00FAEE53 /* Project object */;
}
